
Microsoft Visual Studio Solution File, Format Version 12.00
# Visual Studio 14
VisualStudioVersion = 14.0.25123.0
MinimumVisualStudioVersion = 10.0.40219.1
Project("{E61B78CA-4F90-4CB5-8C67-89F12A29DC27}") = "Sitecore.Support.107206", "Sitecore.Support.107206\Sitecore.Support.107206.csproj", "{9C19636E-23A9-455E-BF23-D77A55ED6532}"
EndProject
Global
	GlobalSection(SolutionConfigurationPlatforms) = preSolution
		Debug|Any CPU = Debug|Any CPU
		Release|Any CPU = Release|Any CPU
	EndGlobalSection
	GlobalSection(ProjectConfigurationPlatforms) = postSolution
		{9C19636E-23A9-455E-BF23-D77A55ED6532}.Debug|Any CPU.ActiveCfg = Debug|Any CPU
		{9C19636E-23A9-455E-BF23-D77A55ED6532}.Debug|Any CPU.Build.0 = Debug|Any CPU
		{9C19636E-23A9-455E-BF23-D77A55ED6532}.Release|Any CPU.ActiveCfg = Release|Any CPU
		{9C19636E-23A9-455E-BF23-D77A55ED6532}.Release|Any CPU.Build.0 = Release|Any CPU
	EndGlobalSection
	GlobalSection(SolutionProperties) = preSolution
		HideSolutionNode = FALSE
	EndGlobalSection
EndGlobal
